// !$*UTF8*$!
{
	archiveVersion = 1;
	classes = {
	};
	objectVersion = 50;
	objects = {

/* Begin PBXBuildFile section */
		409BDA512805C01600BD16CE /* AppDelegate.swift in Sources */ = {isa = PBXBuildFile; fileRef = 409BDA502805C01600BD16CE /* AppDelegate.swift */; };
		409BDA532805C01600BD16CE /* SceneDelegate.swift in Sources */ = {isa = PBXBuildFile; fileRef = 409BDA522805C01600BD16CE /* SceneDelegate.swift */; };
		409BDA552805C01600BD16CE /* ViewController.swift in Sources */ = {isa = PBXBuildFile; fileRef = 409BDA542805C01600BD16CE /* ViewController.swift */; };
		409BDA582805C01600BD16CE /* Main.storyboard in Resources */ = {isa = PBXBuildFile; fileRef = 409BDA562805C01600BD16CE /* Main.storyboard */; };
		409BDA5A2805C01C00BD16CE /* Assets.xcassets in Resources */ = {isa = PBXBuildFile; fileRef = 409BDA592805C01C00BD16CE /* Assets.xcassets */; };
		409BDA5D2805C01C00BD16CE /* LaunchScreen.storyboard in Resources */ = {isa = PBXBuildFile; fileRef = 409BDA5B2805C01C00BD16CE /* LaunchScreen.storyboard */; };
		409BDA672805C8A300BD16CE /* BorderButton.swift in Sources */ = {isa = PBXBuildFile; fileRef = 409BDA662805C8A300BD16CE /* BorderButton.swift */; };
		40F35C542806F418003CDD2F /* LeagueVC.swift in Sources */ = {isa = PBXBuildFile; fileRef = 40F35C532806F418003CDD2F /* LeagueVC.swift */; };
		40F35C562806F424003CDD2F /* SkillVC.swift in Sources */ = {isa = PBXBuildFile; fileRef = 40F35C552806F424003CDD2F /* SkillVC.swift */; };
		40F35C582807011A003CDD2F /* Player.swift in Sources */ = {isa = PBXBuildFile; fileRef = 40F35C572807011A003CDD2F /* Player.swift */; };
/* End PBXBuildFile section */

/* Begin PBXFileReference section */
		409BDA4D2805C01600BD16CE /* swoosh-app.app */ = {isa = PBXFileReference; explicitFileType = wrapper.application; includeInIndex = 0; path = "swoosh-app.app"; sourceTree = BUILT_PRODUCTS_DIR; };
		409BDA502805C01600BD16CE /* AppDelegate.swift */ = {isa = PBXFileReference; lastKnownFileType = sourcecode.swift; path = AppDelegate.swift; sourceTree = "<group>"; };
		409BDA522805C01600BD16CE /* SceneDelegate.swift */ = {isa = PBXFileReference; lastKnownFileType = sourcecode.swift; path = SceneDelegate.swift; sourceTree = "<group>"; };
		409BDA542805C01600BD16CE /* ViewController.swift */ = {isa = PBXFileReference; lastKnownFileType = sourcecode.swift; path = ViewController.swift; sourceTree = "<group>"; };
		409BDA572805C01600BD16CE /* Base */ = {isa = PBXFileReference; lastKnownFileType = file.storyboard; name = Base; path = Base.lproj/Main.storyboard; sourceTree = "<group>"; };
		409BDA592805C01C00BD16CE /* Assets.xcassets */ = {isa = PBXFileReference; lastKnownFileType = folder.assetcatalog; path = Assets.xcassets; sourceTree = "<group>"; };
		409BDA5C2805C01C00BD16CE /* Base */ = {isa = PBXFileReference; lastKnownFileType = file.storyboard; name = Base; path = Base.lproj/LaunchScreen.storyboard; sourceTree = "<group>"; };
		409BDA5E2805C01C00BD16CE /* Info.plist */ = {isa = PBXFileReference; lastKnownFileType = text.plist.xml; path = Info.plist; sourceTree = "<group>"; };
		409BDA662805C8A300BD16CE /* BorderButton.swift */ = {isa = PBXFileReference; lastKnownFileType = sourcecode.swift; path = BorderButton.swift; sourceTree = "<group>"; };
		40F35C532806F418003CDD2F /* LeagueVC.swift */ = {isa = PBXFileReference; lastKnownFileType = sourcecode.swift; path = LeagueVC.swift; sourceTree = "<group>"; };
		40F35C552806F424003CDD2F /* SkillVC.swift */ = {isa = PBXFileReference; lastKnownFileType = sourcecode.swift; path = SkillVC.swift; sourceTree = "<group>"; };
		40F35C572807011A003CDD2F /* Player.swift */ = {isa = PBXFileReference; lastKnownFileType = sourcecode.swift; path = Player.swift; sourceTree = "<group>"; };
/* End PBXFileReference section */

/* Begin PBXFrameworksBuildPhase section */
		409BDA4A2805C01500BD16CE /* Frameworks */ = {
			isa = PBXFrameworksBuildPhase;
			buildActionMask = 2147483647;
			files = (
			);
			runOnlyForDeploymentPostprocessing = 0;
		};
/* End PBXFrameworksBuildPhase section */

/* Begin PBXGroup section */
		409BDA442805C01500BD16CE = {
			isa = PBXGroup;
			children = (
				409BDA4F2805C01600BD16CE /* swoosh-app */,
				409BDA4E2805C01600BD16CE /* Products */,
			);
			sourceTree = "<group>";
		};
		409BDA4E2805C01600BD16CE /* Products */ = {
			isa = PBXGroup;
			children = (
				409BDA4D2805C01600BD16CE /* swoosh-app.app */,
			);
			name = Products;
			sourceTree = "<group>";
		};
		409BDA4F2805C01600BD16CE /* swoosh-app */ = {
			isa = PBXGroup;
			children = (
				40F35C522806EFF0003CDD2F /* Controller */,
				40F35C512806EFE9003CDD2F /* Model */,
				409BDA652805C84D00BD16CE /* View */,
				409BDA502805C01600BD16CE /* AppDelegate.swift */,
				409BDA522805C01600BD16CE /* SceneDelegate.swift */,
				409BDA562805C01600BD16CE /* Main.storyboard */,
				409BDA592805C01C00BD16CE /* Assets.xcassets */,
				409BDA5B2805C01C00BD16CE /* LaunchScreen.storyboard */,
				409BDA5E2805C01C00BD16CE /* Info.plist */,
			);
			path = "swoosh-app";
			sourceTree = "<group>";
		};
		409BDA652805C84D00BD16CE /* View */ = {
			isa = PBXGroup;
			children = (
				409BDA662805C8A300BD16CE /* BorderButton.swift */,
			);
			path = View;
			sourceTree = "<group>";
		};
		40F35C512806EFE9003CDD2F /* Model */ = {
			isa = PBXGroup;
			children = (
				40F35C572807011A003CDD2F /* Player.swift */,
			);
			path = Model;
			sourceTree = "<group>";
		};
		40F35C522806EFF0003CDD2F /* Controller */ = {
			isa = PBXGroup;
			children = (
				409BDA542805C01600BD16CE /* ViewController.swift */,
				40F35C532806F418003CDD2F /* LeagueVC.swift */,
				40F35C552806F424003CDD2F /* SkillVC.swift */,
			);
			path = Controller;
			sourceTree = "<group>";
		};
/* End PBXGroup section */

/* Begin PBXNativeTarget section */
		409BDA4C2805C01500BD16CE /* swoosh-app */ = {
			isa = PBXNativeTarget;
			buildConfigurationList = 409BDA612805C01C00BD16CE /* Build configuration list for PBXNativeTarget "swoosh-app" */;
			buildPhases = (
				409BDA492805C01500BD16CE /* Sources */,
				409BDA4A2805C01500BD16CE /* Frameworks */,
				409BDA4B2805C01500BD16CE /* Resources */,
			);
			buildRules = (
			);
			dependencies = (
			);
			name = "swoosh-app";
			productName = "swoosh-app";
			productReference = 409BDA4D2805C01600BD16CE /* swoosh-app.app */;
			productType = "com.apple.product-type.application";
		};
/* End PBXNativeTarget section */

/* Begin PBXProject section */
		409BDA452805C01500BD16CE /* Project object */ = {
			isa = PBXProject;
			attributes = {
				LastSwiftUpdateCheck = 1130;
				LastUpgradeCheck = 1130;
				ORGANIZATIONNAME = "Ivan Surganov";
				TargetAttributes = {
					409BDA4C2805C01500BD16CE = {
						CreatedOnToolsVersion = 11.3.1;
					};
				};
			};
			buildConfigurationList = 409BDA482805C01500BD16CE /* Build configuration list for PBXProject "swoosh-app" */;
			compatibilityVersion = "Xcode 9.3";
			developmentRegion = en;
			hasScannedForEncodings = 0;
			knownRegions = (
				en,
				Base,
			);
			mainGroup = 409BDA442805C01500BD16CE;
			productRefGroup = 409BDA4E2805C01600BD16CE /* Products */;
			projectDirPath = "";
			projectRoot = "";
			targets = (
				409BDA4C2805C01500BD16CE /* swoosh-app */,
			);
		};
/* End PBXProject section */

/* Begin PBXResourcesBuildPhase section */
		409BDA4B2805C01500BD16CE /* Resources */ = {
			isa = PBXResourcesBuildPhase;
			buildActionMask = 2147483647;
			files = (
				409BDA5D2805C01C00BD16CE /* LaunchScreen.storyboard in Resources */,
				409BDA5A2805C01C00BD16CE /* Assets.xcassets in Resources */,
				409BDA582805C01600BD16CE /* Main.storyboard in Resources */,
			);
			runOnlyForDeploymentPostprocessing = 0;
		};
/* End PBXResourcesBuildPhase section */

/* Begin PBXSourcesBuildPhase section */
		409BDA492805C01500BD16CE /* Sources */ = {
			isa = PBXSourcesBuildPhase;
			buildActionMask = 2147483647;
			files = (
				40F35C542806F418003CDD2F /* LeagueVC.swift in Sources */,
				409BDA552805C01600BD16CE /* ViewController.swift in Sources */,
				409BDA512805C01600BD16CE /* AppDelegate.swift in Sources */,
				409BDA532805C01600BD16CE /* SceneDelegate.swift in Sources */,
				40F35C582807011A003CDD2F /* Player.swift in Sources */,
				40F35C562806F424003CDD2F /* SkillVC.swift in Sources */,
				409BDA672805C8A300BD16CE /* BorderButton.swift in Sources */,
			);
			runOnlyForDeploymentPostprocessing = 0;
		};
/* End PBXSourcesBuildPhase section */

/* Begin PBXVariantGroup section */
		409BDA562805C01600BD16CE /* Main.storyboard */ = {
			isa = PBXVariantGroup;
			children = (
				409BDA572805C01600BD16CE /* Base */,
			);
			name = Main.storyboard;
			sourceTree = "<group>";
		};
		409BDA5B2805C01C00BD16CE /* LaunchScreen.storyboard */ = {
			isa = PBXVariantGroup;
			children = (
				409BDA5C2805C01C00BD16CE /* Base */,
			);
			name = LaunchScreen.storyboard;
			sourceTree = "<group>";
		};
/* End PBXVariantGroup section */

/* Begin XCBuildConfiguration section */
		409BDA5F2805C01C00BD16CE /* Debug */ = {
			isa = XCBuildConfiguration;
			buildSettings = {
				ALWAYS_SEARCH_USER_PATHS = NO;
				CLANG_ANALYZER_NONNULL = YES;
				CLANG_ANALYZER_NUMBER_OBJECT_CONVERSION = YES_AGGRESSIVE;
				CLANG_CXX_LANGUAGE_STANDARD = "gnu++14";
				CLANG_CXX_LIBRARY = "libc++";
				CLANG_ENABLE_MODULES = YES;
				CLANG_ENABLE_OBJC_ARC = YES;
				CLANG_ENABLE_OBJC_WEAK = YES;
				CLANG_WARN_BLOCK_CAPTURE_AUTORELEASING = YES;
				CLANG_WARN_BOOL_CONVERSION = YES;
				CLANG_WARN_COMMA = YES;
				CLANG_WARN_CONSTANT_CONVERSION = YES;
				CLANG_WARN_DEPRECATED_OBJC_IMPLEMENTATIONS = YES;
				CLANG_WARN_DIRECT_OBJC_ISA_USAGE = YES_ERROR;
				CLANG_WARN_DOCUMENTATION_COMMENTS = YES;
				CLANG_WARN_EMPTY_BODY = YES;
				CLANG_WARN_ENUM_CONVERSION = YES;
				CLANG_WARN_INFINITE_RECURSION = YES;
				CLANG_WARN_INT_CONVERSION = YES;
				CLANG_WARN_NON_LITERAL_NULL_CONVERSION = YES;
				CLANG_WARN_OBJC_IMPLICIT_RETAIN_SELF = YES;
				CLANG_WARN_OBJC_LITERAL_CONVERSION = YES;
				CLANG_WARN_OBJC_ROOT_CLASS = YES_ERROR;
				CLANG_WARN_RANGE_LOOP_ANALYSIS = YES;
				CLANG_WARN_STRICT_PROTOTYPES = YES;
				CLANG_WARN_SUSPICIOUS_MOVE = YES;
				CLANG_WARN_UNGUARDED_AVAILABILITY = YES_AGGRESSIVE;
				CLANG_WARN_UNREACHABLE_CODE = YES;
				CLANG_WARN__DUPLICATE_METHOD_MATCH = YES;
				COPY_PHASE_STRIP = NO;
				DEBUG_INFORMATION_FORMAT = dwarf;
				ENABLE_STRICT_OBJC_MSGSEND = YES;
				ENABLE_TESTABILITY = YES;
				GCC_C_LANGUAGE_STANDARD = gnu11;
				GCC_DYNAMIC_NO_PIC = NO;
				GCC_NO_COMMON_BLOCKS = YES;
				GCC_OPTIMIZATION_LEVEL = 0;
				GCC_PREPROCESSOR_DEFINITIONS = (
					"DEBUG=1",
					"$(inherited)",
				);
				GCC_WARN_64_TO_32_BIT_CONVERSION = YES;
				GCC_WARN_ABOUT_RETURN_TYPE = YES_ERROR;
				GCC_WARN_UNDECLARED_SELECTOR = YES;
				GCC_WARN_UNINITIALIZED_AUTOS = YES_AGGRESSIVE;
				GCC_WARN_UNUSED_FUNCTION = YES;
				GCC_WARN_UNUSED_VARIABLE = YES;
				IPHONEOS_DEPLOYMENT_TARGET = 13.2;
				MTL_ENABLE_DEBUG_INFO = INCLUDE_SOURCE;
				MTL_FAST_MATH = YES;
				ONLY_ACTIVE_ARCH = YES;
				SDKROOT = iphoneos;
				SWIFT_ACTIVE_COMPILATION_CONDITIONS = DEBUG;
				SWIFT_OPTIMIZATION_LEVEL = "-Onone";
			};
			name = Debug;
		};
		409BDA602805C01C00BD16CE /* Release */ = {
			isa = XCBuildConfiguration;
			buildSettings = {
				ALWAYS_SEARCH_USER_PATHS = NO;
				CLANG_ANALYZER_NONNULL = YES;
				CLANG_ANALYZER_NUMBER_OBJECT_CONVERSION = YES_AGGRESSIVE;
				CLANG_CXX_LANGUAGE_STANDARD = "gnu++14";
				CLANG_CXX_LIBRARY = "libc++";
				CLANG_ENABLE_MODULES = YES;
				CLANG_ENABLE_OBJC_ARC = YES;
				CLANG_ENABLE_OBJC_WEAK = YES;
				CLANG_WARN_BLOCK_CAPTURE_AUTORELEASING = YES;
				CLANG_WARN_BOOL_CONVERSION = YES;
				CLANG_WARN_COMMA = YES;
				CLANG_WARN_CONSTANT_CONVERSION = YES;
				CLANG_WARN_DEPRECATED_OBJC_IMPLEMENTATIONS = YES;
				CLANG_WARN_DIRECT_OBJC_ISA_USAGE = YES_ERROR;
				CLANG_WARN_DOCUMENTATION_COMMENTS = YES;
				CLANG_WARN_EMPTY_BODY = YES;
				CLANG_WARN_ENUM_CONVERSION = YES;
				CLANG_WARN_INFINITE_RECURSION = YES;
				CLANG_WARN_INT_CONVERSION = YES;
				CLANG_WARN_NON_LITERAL_NULL_CONVERSION = YES;
				CLANG_WARN_OBJC_IMPLICIT_RETAIN_SELF = YES;
				CLANG_WARN_OBJC_LITERAL_CONVERSION = YES;
				CLANG_WARN_OBJC_ROOT_CLASS = YES_ERROR;
				CLANG_WARN_RANGE_LOOP_ANALYSIS = YES;
				CLANG_WARN_STRICT_PROTOTYPES = YES;
				CLANG_WARN_SUSPICIOUS_MOVE = YES;
				CLANG_WARN_UNGUARDED_AVAILABILITY = YES_AGGRESSIVE;
				CLANG_WARN_UNREACHABLE_CODE = YES;
				CLANG_WARN__DUPLICATE_METHOD_MATCH = YES;
				COPY_PHASE_STRIP = NO;
				DEBUG_INFORMATION_FORMAT = "dwarf-with-dsym";
				ENABLE_NS_ASSERTIONS = NO;
				ENABLE_STRICT_OBJC_MSGSEND = YES;
				GCC_C_LANGUAGE_STANDARD = gnu11;
				GCC_NO_COMMON_BLOCKS = YES;
				GCC_WARN_64_TO_32_BIT_CONVERSION = YES;
				GCC_WARN_ABOUT_RETURN_TYPE = YES_ERROR;
				GCC_WARN_UNDECLARED_SELECTOR = YES;
				GCC_WARN_UNINITIALIZED_AUTOS = YES_AGGRESSIVE;
				GCC_WARN_UNUSED_FUNCTION = YES;
				GCC_WARN_UNUSED_VARIABLE = YES;
				IPHONEOS_DEPLOYMENT_TARGET = 13.2;
				MTL_ENABLE_DEBUG_INFO = NO;
				MTL_FAST_MATH = YES;
				SDKROOT = iphoneos;
				SWIFT_COMPILATION_MODE = wholemodule;
				SWIFT_OPTIMIZATION_LEVEL = "-O";
				VALIDATE_PRODUCT = YES;
			};
			name = Release;
		};
		409BDA622805C01C00BD16CE /* Debug */ = {
			isa = XCBuildConfiguration;
			buildSettings = {
				ASSETCATALOG_COMPILER_APPICON_NAME = AppIcon;
				CODE_SIGN_STYLE = Automatic;
				INFOPLIST_FILE = "swoosh-app/Info.plist";
				LD_RUNPATH_SEARCH_PATHS = (
					"$(inherited)",
					"@executable_path/Frameworks",
				);
				PRODUCT_BUNDLE_IDENTIFIER = "isurganov.swoosh-app";
				PRODUCT_NAME = "$(TARGET_NAME)";
				SWIFT_VERSION = 5.0;
				TARGETED_DEVICE_FAMILY = "1,2";
			};
			name = Debug;
		};
		409BDA632805C01C00BD16CE /* Release */ = {
			isa = XCBuildConfiguration;
			buildSettings = {
				ASSETCATALOG_COMPILER_APPICON_NAME = AppIcon;
				CODE_SIGN_STYLE = Automatic;
				INFOPLIST_FILE = "swoosh-app/Info.plist";
				LD_RUNPATH_SEARCH_PATHS = (
					"$(inherited)",
					"@executable_path/Frameworks",
				);
				PRODUCT_BUNDLE_IDENTIFIER = "isurganov.swoosh-app";
				PRODUCT_NAME = "$(TARGET_NAME)";
				SWIFT_VERSION = 5.0;
				TARGETED_DEVICE_FAMILY = "1,2";
			};
			name = Release;
		};
/* End XCBuildConfiguration section */

/* Begin XCConfigurationList section */
		409BDA482805C01500BD16CE /* Build configuration list for PBXProject "swoosh-app" */ = {
			isa = XCConfigurationList;
			buildConfigurations = (
				409BDA5F2805C01C00BD16CE /* Debug */,
				409BDA602805C01C00BD16CE /* Release */,
			);
			defaultConfigurationIsVisible = 0;
			defaultConfigurationName = Release;
		};
		409BDA612805C01C00BD16CE /* Build configuration list for PBXNativeTarget "swoosh-app" */ = {
			isa = XCConfigurationList;
			buildConfigurations = (
				409BDA622805C01C00BD16CE /* Debug */,
				409BDA632805C01C00BD16CE /* Release */,
			);
			defaultConfigurationIsVisible = 0;
			defaultConfigurationName = Release;
		};
/* End XCConfigurationList section */
	};
	rootObject = 409BDA452805C01500BD16CE /* Project object */;
}
